# This file is @generated by PDM.
# It is not intended for manual editing.

[metadata]
groups = ["default"]
cross_platform = true
static_urls = false
lock_version = "4.3"
content_hash = "sha256:6b2598c3f6bba361094c7ad299974dac0f8375f072089112b4035ca829eeb35e"

[[package]]
name = "beautifulsoup4"
version = "4.11.1"
requires_python = ">=3.6.0"
summary = "Screen-scraping library"
dependencies = [
    "soupsieve>1.2",
]
files = [
    {file = "beautifulsoup4-4.11.1-py3-none-any.whl", hash = "sha256:58d5c3d29f5a36ffeb94f02f0d786cd53014cf9b3b3951d42e0080d8a9498d30"},
    {file = "beautifulsoup4-4.11.1.tar.gz", hash = "sha256:ad9aa55b65ef2808eb405f46cf74df7fcb7044d5cbc26487f96eb2ef2e436693"},
]

[[package]]
name = "brotli"
version = "1.0.9"
summary = "Python bindings for the Brotli compression library"
files = [
    {file = "Brotli-1.0.9-cp310-cp310-macosx_10_9_universal2.whl", hash = "sha256:9744a863b489c79a73aba014df554b0e7a0fc44ef3f8a0ef2a52919c7d155031"},
    {file = "Brotli-1.0.9-cp310-cp310-macosx_10_9_x86_64.whl", hash = "sha256:a72661af47119a80d82fa583b554095308d6a4c356b2a554fdc2799bc19f2a43"},
    {file = "Brotli-1.0.9-cp310-cp310-manylinux_2_17_aarch64.manylinux2014_aarch64.whl", hash = "sha256:7ee83d3e3a024a9618e5be64648d6d11c37047ac48adff25f12fa4226cf23d1c"},
    {file = "Brotli-1.0.9-cp310-cp310-manylinux_2_5_i686.manylinux1_i686.manylinux_2_12_i686.manylinux2010_i686.whl", hash = "sha256:19598ecddd8a212aedb1ffa15763dd52a388518c4550e615aed88dc3753c0f0c"},
    {file = "Brotli-1.0.9-cp310-cp310-manylinux_2_5_x86_64.manylinux1_x86_64.manylinux_2_12_x86_64.manylinux2010_x86_64.whl", hash = "sha256:44bb8ff420c1d19d91d79d8c3574b8954288bdff0273bf788954064d260d7ab0"},
    {file = "Brotli-1.0.9-cp310-cp310-musllinux_1_1_aarch64.whl", hash = "sha256:e23281b9a08ec338469268f98f194658abfb13658ee98e2b7f85ee9dd06caa91"},
    {file = "Brotli-1.0.9-cp310-cp310-musllinux_1_1_i686.whl", hash = "sha256:3496fc835370da351d37cada4cf744039616a6db7d13c430035e901443a34daa"},
    {file = "Brotli-1.0.9-cp310-cp310-musllinux_1_1_x86_64.whl", hash = "sha256:b83bb06a0192cccf1eb8d0a28672a1b79c74c3a8a5f2619625aeb6f28b3a82bb"},
    {file = "Brotli-1.0.9-cp310-cp310-win32.whl", hash = "sha256:26d168aac4aaec9a4394221240e8a5436b5634adc3cd1cdf637f6645cecbf181"},
    {file = "Brotli-1.0.9-cp310-cp310-win_amd64.whl", hash = "sha256:622a231b08899c864eb87e85f81c75e7b9ce05b001e59bbfbf43d4a71f5f32b2"},
    {file = "Brotli-1.0.9-cp311-cp311-macosx_10_9_universal2.whl", hash = "sha256:cc0283a406774f465fb45ec7efb66857c09ffefbe49ec20b7882eff6d3c86d3a"},
    {file = "Brotli-1.0.9-cp311-cp311-macosx_10_9_x86_64.whl", hash = "sha256:11d3283d89af7033236fa4e73ec2cbe743d4f6a81d41bd234f24bf63dde979df"},
    {file = "Brotli-1.0.9-cp311-cp311-manylinux_2_17_aarch64.manylinux2014_aarch64.whl", hash = "sha256:3c1306004d49b84bd0c4f90457c6f57ad109f5cc6067a9664e12b7b79a9948ad"},
    {file = "Brotli-1.0.9-cp311-cp311-manylinux_2_17_x86_64.manylinux2014_x86_64.whl", hash = "sha256:b1375b5d17d6145c798661b67e4ae9d5496920d9265e2f00f1c2c0b5ae91fbde"},
    {file = "Brotli-1.0.9-cp311-cp311-manylinux_2_5_i686.manylinux1_i686.manylinux_2_17_i686.manylinux2014_i686.whl", hash = "sha256:cab1b5964b39607a66adbba01f1c12df2e55ac36c81ec6ed44f2fca44178bf1a"},
    {file = "Brotli-1.0.9-cp311-cp311-musllinux_1_1_aarch64.whl", hash = "sha256:8ed6a5b3d23ecc00ea02e1ed8e0ff9a08f4fc87a1f58a2530e71c0f48adf882f"},
    {file = "Brotli-1.0.9-cp311-cp311-musllinux_1_1_i686.whl", hash = "sha256:cb02ed34557afde2d2da68194d12f5719ee96cfb2eacc886352cb73e3808fc5d"},
    {file = "Brotli-1.0.9-cp311-cp311-musllinux_1_1_x86_64.whl", hash = "sha256:b3523f51818e8f16599613edddb1ff924eeb4b53ab7e7197f85cbc321cdca32f"},
    {file = "Brotli-1.0.9-cp311-cp311-win32.whl", hash = "sha256:ba72d37e2a924717990f4d7482e8ac88e2ef43fb95491eb6e0d124d77d2a150d"},
    {file = "Brotli-1.0.9-cp311-cp311-win_amd64.whl", hash = "sha256:3ffaadcaeafe9d30a7e4e1e97ad727e4f5610b9fa2f7551998471e3736738679"},
    {file = "Brotli-1.0.9-pp37-pypy37_pp73-macosx_10_9_x86_64.whl", hash = "sha256:9749a124280a0ada4187a6cfd1ffd35c350fb3af79c706589d98e088c5044267"},
    {file = "Brotli-1.0.9-pp37-pypy37_pp73-manylinux_2_5_i686.manylinux1_i686.manylinux_2_12_i686.manylinux2010_i686.whl", hash = "sha256:73fd30d4ce0ea48010564ccee1a26bfe39323fde05cb34b5863455629db61dc7"},
    {file = "Brotli-1.0.9-pp37-pypy37_pp73-manylinux_2_5_x86_64.manylinux1_x86_64.manylinux_2_12_x86_64.manylinux2010_x86_64.whl", hash = "sha256:02177603aaca36e1fd21b091cb742bb3b305a569e2402f1ca38af471777fb019"},
    {file = "Brotli-1.0.9-pp37-pypy37_pp73-win_amd64.whl", hash = "sha256:76ffebb907bec09ff511bb3acc077695e2c32bc2142819491579a695f77ffd4d"},
    {file = "Brotli-1.0.9-pp38-pypy38_pp73-macosx_10_9_x86_64.whl", hash = "sha256:b43775532a5904bc938f9c15b77c613cb6ad6fb30990f3b0afaea82797a402d8"},
    {file = "Brotli-1.0.9-pp38-pypy38_pp73-manylinux_2_5_i686.manylinux1_i686.manylinux_2_12_i686.manylinux2010_i686.whl", hash = "sha256:5bf37a08493232fbb0f8229f1824b366c2fc1d02d64e7e918af40acd15f3e337"},
    {file = "Brotli-1.0.9-pp38-pypy38_pp73-manylinux_2_5_x86_64.manylinux1_x86_64.manylinux_2_12_x86_64.manylinux2010_x86_64.whl", hash = "sha256:330e3f10cd01da535c70d09c4283ba2df5fb78e915bea0a28becad6e2ac010be"},
    {file = "Brotli-1.0.9-pp38-pypy38_pp73-win_amd64.whl", hash = "sha256:e1abbeef02962596548382e393f56e4c94acd286bd0c5afba756cffc33670e8a"},
    {file = "Brotli-1.0.9-pp39-pypy39_pp73-macosx_10_9_x86_64.whl", hash = "sha256:3148362937217b7072cf80a2dcc007f09bb5ecb96dae4617316638194113d5be"},
    {file = "Brotli-1.0.9-pp39-pypy39_pp73-manylinux_2_17_x86_64.manylinux2014_x86_64.whl", hash = "sha256:336b40348269f9b91268378de5ff44dc6fbaa2268194f85177b53463d313842a"},
    {file = "Brotli-1.0.9-pp39-pypy39_pp73-manylinux_2_5_i686.manylinux1_i686.manylinux_2_17_i686.manylinux2014_i686.whl", hash = "sha256:3b8b09a16a1950b9ef495a0f8b9d0a87599a9d1f179e2d4ac014b2ec831f87e7"},
    {file = "Brotli-1.0.9-pp39-pypy39_pp73-win_amd64.whl", hash = "sha256:c8e521a0ce7cf690ca84b8cc2272ddaf9d8a50294fd086da67e517439614c755"},
    {file = "Brotli-1.0.9.zip", hash = "sha256:4d1b810aa0ed773f81dceda2cc7b403d01057458730e309856356d4ef4188438"},
]

[[package]]
name = "brotlicffi"
version = "1.0.9.2"
summary = "Python CFFI bindings to the Brotli library"
dependencies = [
    "cffi>=1.0.0",
]
files = [
    {file = "brotlicffi-1.0.9.2-cp35-abi3-macosx_10_9_x86_64.whl", hash = "sha256:586f0ea3c2eed455d5f2330b9ab4a591514c8de0ee53d445645efcfbf053c69f"},
    {file = "brotlicffi-1.0.9.2-cp35-abi3-manylinux1_i686.whl", hash = "sha256:4454c3baedc277fd6e65f983e3eb8e77f4bc15060f69370a0201746e2edeca81"},
    {file = "brotlicffi-1.0.9.2-cp35-abi3-manylinux1_x86_64.whl", hash = "sha256:52c1c12dad6eb1d44213a0a76acf5f18f64653bd801300bef5e2f983405bdde5"},
    {file = "brotlicffi-1.0.9.2-cp35-abi3-manylinux2010_i686.whl", hash = "sha256:21cd400d24b344c218d8e32b394849e31b7c15784667575dbda9f65c46a64b0a"},
    {file = "brotlicffi-1.0.9.2-cp35-abi3-manylinux2010_x86_64.whl", hash = "sha256:71061f8bc86335b652e442260c4367b782a92c6e295cf5a10eff84c7d19d8cf5"},
    {file = "brotlicffi-1.0.9.2-cp35-abi3-manylinux2014_aarch64.whl", hash = "sha256:15e0db52c56056be6310fc116b3d7c6f34185594e261f23790b2fb6489998363"},
    {file = "brotlicffi-1.0.9.2-cp35-abi3-win32.whl", hash = "sha256:551305703d12a2dd1ae43d3dde35dee20b1cb49b5796279d4d34e2c6aec6be4d"},
    {file = "brotlicffi-1.0.9.2-cp35-abi3-win_amd64.whl", hash = "sha256:2be4fb8a7cb482f226af686cd06d2a2cab164ccdf99e460f8e3a5ec9a5337da2"},
    {file = "brotlicffi-1.0.9.2-pp27-pypy_73-macosx_10_9_x86_64.whl", hash = "sha256:8e7221d8a084d32d15c7b58e0ce0573972375c5038423dbe83f217cfe512e680"},
    {file = "brotlicffi-1.0.9.2-pp27-pypy_73-manylinux1_x86_64.whl", hash = "sha256:75a46bc5ed2753e1648cc211dcb2c1ac66116038766822dc104023f67ff4dfd8"},
    {file = "brotlicffi-1.0.9.2-pp27-pypy_73-manylinux2010_x86_64.whl", hash = "sha256:1e27c43ef72a278f9739b12b2df80ee72048cd4cbe498f8bbe08aaaa67a5d5c8"},
    {file = "brotlicffi-1.0.9.2-pp27-pypy_73-win32.whl", hash = "sha256:feb942814285bdc5e97efc77a04e48283c17dfab9ea082d79c0a7b9e53ef1eab"},
    {file = "brotlicffi-1.0.9.2-pp36-pypy36_pp73-macosx_10_9_x86_64.whl", hash = "sha256:a6208d82c3172eeeb3be83ed4efd5831552c7cd47576468e50fcf0fb23fcf97f"},
    {file = "brotlicffi-1.0.9.2-pp36-pypy36_pp73-manylinux1_x86_64.whl", hash = "sha256:408c810c599786fb806556ff17e844a903884e6370ca400bcec7fa286149f39c"},
    {file = "brotlicffi-1.0.9.2-pp36-pypy36_pp73-manylinux2010_x86_64.whl", hash = "sha256:a73099858ee343e8801710a08be8d194f47715ff21e98d92a19ac461058f52d1"},
    {file = "brotlicffi-1.0.9.2-pp36-pypy36_pp73-win32.whl", hash = "sha256:916b790f967a18a595e61f218c252f83718ac91f24157d622cf0fa710cd26ab7"},
    {file = "brotlicffi-1.0.9.2-pp37-pypy37_pp73-macosx_10_9_x86_64.whl", hash = "sha256:ba4a00263af40e875ec3d6c7f623cbf8c795b55705da18c64ec36b6bf0848bc5"},
    {file = "brotlicffi-1.0.9.2-pp37-pypy37_pp73-manylinux1_x86_64.whl", hash = "sha256:df78aa47741122b0d5463f1208b7bb18bc9706dee5152d9f56e0ead4865015cd"},
    {file = "brotlicffi-1.0.9.2-pp37-pypy37_pp73-manylinux2010_x86_64.whl", hash = "sha256:9030cd5099252d16bfa4e22659c84a89c102e94f8e81d30764788b72e2d7cfb7"},
    {file = "brotlicffi-1.0.9.2-pp37-pypy37_pp73-win32.whl", hash = "sha256:7e72978f4090a161885b114f87b784f538dcb77dafc6602592c1cf39ae8d243d"},
    {file = "brotlicffi-1.0.9.2.tar.gz", hash = "sha256:0c248a68129d8fc6a217767406c731e498c3e19a7be05ea0a90c3c86637b7d96"},
]

[[package]]
name = "cffi"
version = "1.15.1"
summary = "Foreign Function Interface for Python calling C code."
dependencies = [
    "pycparser",
]
files = [
    {file = "cffi-1.15.1-cp310-cp310-macosx_10_9_x86_64.whl", hash = "sha256:39d39875251ca8f612b6f33e6b1195af86d1b3e60086068be9cc053aa4376e21"},
    {file = "cffi-1.15.1-cp310-cp310-macosx_11_0_arm64.whl", hash = "sha256:285d29981935eb726a4399badae8f0ffdff4f5050eaa6d0cfc3f64b857b77185"},
    {file = "cffi-1.15.1-cp310-cp310-manylinux_2_12_i686.manylinux2010_i686.manylinux_2_17_i686.manylinux2014_i686.whl", hash = "sha256:3eb6971dcff08619f8d91607cfc726518b6fa2a9eba42856be181c6d0d9515fd"},
    {file = "cffi-1.15.1-cp310-cp310-manylinux_2_17_aarch64.manylinux2014_aarch64.whl", hash = "sha256:21157295583fe8943475029ed5abdcf71eb3911894724e360acff1d61c1d54bc"},
    {file = "cffi-1.15.1-cp310-cp310-manylinux_2_17_ppc64le.manylinux2014_ppc64le.whl", hash = "sha256:5635bd9cb9731e6d4a1132a498dd34f764034a8ce60cef4f5319c0541159392f"},
    {file = "cffi-1.15.1-cp310-cp310-manylinux_2_17_s390x.manylinux2014_s390x.whl", hash = "sha256:2012c72d854c2d03e45d06ae57f40d78e5770d252f195b93f581acf3ba44496e"},
    {file = "cffi-1.15.1-cp310-cp310-manylinux_2_17_x86_64.manylinux2014_x86_64.whl", hash = "sha256:dd86c085fae2efd48ac91dd7ccffcfc0571387fe1193d33b6394db7ef31fe2a4"},
    {file = "cffi-1.15.1-cp310-cp310-musllinux_1_1_i686.whl", hash = "sha256:fa6693661a4c91757f4412306191b6dc88c1703f780c8234035eac011922bc01"},
    {file = "cffi-1.15.1-cp310-cp310-musllinux_1_1_x86_64.whl", hash = "sha256:59c0b02d0a6c384d453fece7566d1c7e6b7bae4fc5874ef2ef46d56776d61c9e"},
    {file = "cffi-1.15.1-cp310-cp310-win32.whl", hash = "sha256:cba9d6b9a7d64d4bd46167096fc9d2f835e25d7e4c121fb2ddfc6528fb0413b2"},
    {file = "cffi-1.15.1-cp310-cp310-win_amd64.whl", hash = "sha256:ce4bcc037df4fc5e3d184794f27bdaab018943698f4ca31630bc7f84a7b69c6d"},
    {file = "cffi-1.15.1-cp311-cp311-macosx_10_9_x86_64.whl", hash = "sha256:3d08afd128ddaa624a48cf2b859afef385b720bb4b43df214f85616922e6a5ac"},
    {file = "cffi-1.15.1-cp311-cp311-macosx_11_0_arm64.whl", hash = "sha256:3799aecf2e17cf585d977b780ce79ff0dc9b78d799fc694221ce814c2c19db83"},
    {file = "cffi-1.15.1-cp311-cp311-manylinux_2_12_i686.manylinux2010_i686.manylinux_2_17_i686.manylinux2014_i686.whl", hash = "sha256:a591fe9e525846e4d154205572a029f653ada1a78b93697f3b5a8f1f2bc055b9"},
    {file = "cffi-1.15.1-cp311-cp311-manylinux_2_17_aarch64.manylinux2014_aarch64.whl", hash = "sha256:3548db281cd7d2561c9ad9984681c95f7b0e38881201e157833a2342c30d5e8c"},
    {file = "cffi-1.15.1-cp311-cp311-manylinux_2_17_ppc64le.manylinux2014_ppc64le.whl", hash = "sha256:91fc98adde3d7881af9b59ed0294046f3806221863722ba7d8d120c575314325"},
    {file = "cffi-1.15.1-cp311-cp311-manylinux_2_17_x86_64.manylinux2014_x86_64.whl", hash = "sha256:94411f22c3985acaec6f83c6df553f2dbe17b698cc7f8ae751ff2237d96b9e3c"},
    {file = "cffi-1.15.1-cp311-cp311-musllinux_1_1_i686.whl", hash = "sha256:03425bdae262c76aad70202debd780501fabeaca237cdfddc008987c0e0f59ef"},
    {file = "cffi-1.15.1-cp311-cp311-musllinux_1_1_x86_64.whl", hash = "sha256:cc4d65aeeaa04136a12677d3dd0b1c0c94dc43abac5860ab33cceb42b801c1e8"},
    {file = "cffi-1.15.1-cp311-cp311-win32.whl", hash = "sha256:a0f100c8912c114ff53e1202d0078b425bee3649ae34d7b070e9697f93c5d52d"},
    {file = "cffi-1.15.1-cp311-cp311-win_amd64.whl", hash = "sha256:04ed324bda3cda42b9b695d51bb7d54b680b9719cfab04227cdd1e04e5de3104"},
    {file = "cffi-1.15.1.tar.gz", hash = "sha256:d400bfb9a37b1351253cb402671cea7e89bdecc294e8016a707f6d1d8ac934f9"},
]

[[package]]
name = "click"
version = "8.1.3"
requires_python = ">=3.7"
summary = "Composable command line interface toolkit"
dependencies = [
    "colorama; platform_system == \"Windows\"",
]
files = [
    {file = "click-8.1.3-py3-none-any.whl", hash = "sha256:bb4d8133cb15a609f44e8213d9b391b0809795062913b383c62be0ee95b1db48"},
    {file = "click-8.1.3.tar.gz", hash = "sha256:7682dc8afb30297001674575ea00d1814d808d6a36af415a82bd481d37ba7b8e"},
]

[[package]]
name = "colorama"
version = "0.4.6"
requires_python = "!=3.0.*,!=3.1.*,!=3.2.*,!=3.3.*,!=3.4.*,!=3.5.*,!=3.6.*,>=2.7"
summary = "Cross-platform colored terminal text."
files = [
    {file = "colorama-0.4.6-py2.py3-none-any.whl", hash = "sha256:4f1d9991f5acc0ca119f9d443620b77f9d6b33703e51011c16baf57afb285fc6"},
    {file = "colorama-0.4.6.tar.gz", hash = "sha256:08695f5cb7ed6e0531a20572697297273c47b8cae5a63ffc6d6ed5c201be6e44"},
]

[[package]]
name = "cssselect2"
version = "0.7.0"
requires_python = ">=3.7"
summary = "CSS selectors for Python ElementTree"
dependencies = [
    "tinycss2",
    "webencodings",
]
files = [
    {file = "cssselect2-0.7.0-py3-none-any.whl", hash = "sha256:fd23a65bfd444595913f02fc71f6b286c29261e354c41d722ca7a261a49b5969"},
    {file = "cssselect2-0.7.0.tar.gz", hash = "sha256:1ccd984dab89fc68955043aca4e1b03e0cf29cad9880f6e28e3ba7a74b14aa5a"},
]

[[package]]
name = "fonttools"
version = "4.38.0"
requires_python = ">=3.7"
summary = "Tools to manipulate font files"
files = [
    {file = "fonttools-4.38.0-py3-none-any.whl", hash = "sha256:820466f43c8be8c3009aef8b87e785014133508f0de64ec469e4efb643ae54fb"},
    {file = "fonttools-4.38.0.zip", hash = "sha256:2bb244009f9bf3fa100fc3ead6aeb99febe5985fa20afbfbaa2f8946c2fbdaf1"},
]

[[package]]
name = "fonttools"
version = "4.38.0"
extras = ["woff"]
requires_python = ">=3.7"
summary = "Tools to manipulate font files"
dependencies = [
    "brotli>=1.0.1; platform_python_implementation == \"CPython\"",
    "brotlicffi>=0.8.0; platform_python_implementation != \"CPython\"",
    "fonttools==4.38.0",
    "zopfli>=0.1.4",
]
files = [
    {file = "fonttools-4.38.0-py3-none-any.whl", hash = "sha256:820466f43c8be8c3009aef8b87e785014133508f0de64ec469e4efb643ae54fb"},
    {file = "fonttools-4.38.0.zip", hash = "sha256:2bb244009f9bf3fa100fc3ead6aeb99febe5985fa20afbfbaa2f8946c2fbdaf1"},
]

[[package]]
name = "ghp-import"
version = "2.1.0"
summary = "Copy your docs directly to the gh-pages branch."
dependencies = [
    "python-dateutil>=2.8.1",
]
files = [
    {file = "ghp-import-2.1.0.tar.gz", hash = "sha256:9c535c4c61193c2df8871222567d7fd7e5014d835f97dc7b7439069e2413d343"},
    {file = "ghp_import-2.1.0-py3-none-any.whl", hash = "sha256:8337dd7b50877f163d4c0289bc1f1c7f127550241988d568c1db512c4324a619"},
]

[[package]]
name = "html5lib"
version = "1.1"
requires_python = ">=2.7, !=3.0.*, !=3.1.*, !=3.2.*, !=3.3.*, !=3.4.*"
summary = "HTML parser based on the WHATWG HTML specification"
dependencies = [
    "six>=1.9",
    "webencodings",
]
files = [
    {file = "html5lib-1.1-py2.py3-none-any.whl", hash = "sha256:0d78f8fde1c230e99fe37986a60526d7049ed4bf8a9fadbad5f00e22e58e041d"},
    {file = "html5lib-1.1.tar.gz", hash = "sha256:b2e5b40261e20f354d198eae92afc10d750afb487ed5e50f9c4eaf07c184146f"},
]

[[package]]
name = "jinja2"
version = "3.1.2"
requires_python = ">=3.7"
summary = "A very fast and expressive template engine."
dependencies = [
    "MarkupSafe>=2.0",
]
files = [
    {file = "Jinja2-3.1.2-py3-none-any.whl", hash = "sha256:6088930bfe239f0e6710546ab9c19c9ef35e29792895fed6e6e31a023a182a61"},
    {file = "Jinja2-3.1.2.tar.gz", hash = "sha256:31351a702a408a9e7595a8fc6150fc3f43bb6bf7e319770cbc0db9df9437e852"},
]

[[package]]
name = "libsass"
version = "0.22.0"
requires_python = ">=3.6"
summary = "Sass for Python: A straightforward binding of libsass for Python."
files = [
    {file = "libsass-0.22.0-cp36-abi3-manylinux_2_5_x86_64.manylinux1_x86_64.whl", hash = "sha256:f1efc1b612299c88aec9e39d6ca0c266d360daa5b19d9430bdeaffffa86993f9"},
    {file = "libsass-0.22.0-cp37-abi3-macosx_10_15_x86_64.whl", hash = "sha256:081e256ab3c5f3f09c7b8dea3bf3bf5e64a97c6995fd9eea880639b3f93a9f9a"},
    {file = "libsass-0.22.0-cp37-abi3-win32.whl", hash = "sha256:89c5ce497fcf3aba1dd1b19aae93b99f68257e5f2026b731b00a872f13324c7f"},
    {file = "libsass-0.22.0-cp37-abi3-win_amd64.whl", hash = "sha256:65455a2728b696b62100eb5932604aa13a29f4ac9a305d95773c14aaa7200aaf"},
    {file = "libsass-0.22.0.tar.gz", hash = "sha256:3ab5ad18e47db560f4f0c09e3d28cf3bb1a44711257488ac2adad69f4f7f8425"},
]

[[package]]
name = "markdown"
version = "3.3.7"
requires_python = ">=3.6"
summary = "Python implementation of Markdown."
files = [
    {file = "Markdown-3.3.7-py3-none-any.whl", hash = "sha256:f5da449a6e1c989a4cea2631aa8ee67caa5a2ef855d551c88f9e309f4634c621"},
    {file = "Markdown-3.3.7.tar.gz", hash = "sha256:cbb516f16218e643d8e0a95b309f77eb118cb138d39a4f27851e6a63581db874"},
]

[[package]]
name = "markupsafe"
version = "2.1.1"
requires_python = ">=3.7"
summary = "Safely add untrusted strings to HTML/XML markup."
files = [
    {file = "MarkupSafe-2.1.1-cp310-cp310-macosx_10_9_universal2.whl", hash = "sha256:86b1f75c4e7c2ac2ccdaec2b9022845dbb81880ca318bb7a0a01fbf7813e3812"},
    {file = "MarkupSafe-2.1.1-cp310-cp310-macosx_10_9_x86_64.whl", hash = "sha256:f121a1420d4e173a5d96e47e9a0c0dcff965afdf1626d28de1460815f7c4ee7a"},
    {file = "MarkupSafe-2.1.1-cp310-cp310-manylinux_2_17_aarch64.manylinux2014_aarch64.whl", hash = "sha256:a49907dd8420c5685cfa064a1335b6754b74541bbb3706c259c02ed65b644b3e"},
    {file = "MarkupSafe-2.1.1-cp310-cp310-manylinux_2_17_x86_64.manylinux2014_x86_64.whl", hash = "sha256:10c1bfff05d95783da83491be968e8fe789263689c02724e0c691933c52994f5"},
    {file = "MarkupSafe-2.1.1-cp310-cp310-manylinux_2_5_i686.manylinux1_i686.manylinux_2_17_i686.manylinux2014_i686.whl", hash = "sha256:b7bd98b796e2b6553da7225aeb61f447f80a1ca64f41d83612e6139ca5213aa4"},
    {file = "MarkupSafe-2.1.1-cp310-cp310-musllinux_1_1_aarch64.whl", hash = "sha256:b09bf97215625a311f669476f44b8b318b075847b49316d3e28c08e41a7a573f"},
    {file = "MarkupSafe-2.1.1-cp310-cp310-musllinux_1_1_i686.whl", hash = "sha256:694deca8d702d5db21ec83983ce0bb4b26a578e71fbdbd4fdcd387daa90e4d5e"},
    {file = "MarkupSafe-2.1.1-cp310-cp310-musllinux_1_1_x86_64.whl", hash = "sha256:efc1913fd2ca4f334418481c7e595c00aad186563bbc1ec76067848c7ca0a933"},
    {file = "MarkupSafe-2.1.1-cp310-cp310-win32.whl", hash = "sha256:4a33dea2b688b3190ee12bd7cfa29d39c9ed176bda40bfa11099a3ce5d3a7ac6"},
    {file = "MarkupSafe-2.1.1-cp310-cp310-win_amd64.whl", hash = "sha256:dda30ba7e87fbbb7eab1ec9f58678558fd9a6b8b853530e176eabd064da81417"},
    {file = "MarkupSafe-2.1.1.tar.gz", hash = "sha256:7f91197cc9e48f989d12e4e6fbc46495c446636dfc81b9ccf50bb0ec74b91d4b"},
]

[[package]]
name = "mergedeep"
version = "1.3.4"
requires_python = ">=3.6"
summary = "A deep merge function for 🐍."
files = [
    {file = "mergedeep-1.3.4-py3-none-any.whl", hash = "sha256:70775750742b25c0d8f36c55aed03d24c3384d17c951b3175d898bd778ef0307"},
    {file = "mergedeep-1.3.4.tar.gz", hash = "sha256:0096d52e9dad9939c3d975a774666af186eda617e6ca84df4c94dec30004f2a8"},
]

[[package]]
name = "mkdocs"
version = "1.5.2"
requires_python = ">=3.7"
summary = "Project documentation with Markdown."
dependencies = [
    "click>=7.0",
    "colorama>=0.4; platform_system == \"Windows\"",
    "ghp-import>=1.0",
    "jinja2>=2.11.1",
    "markdown>=3.2.1",
    "markupsafe>=2.0.1",
    "mergedeep>=1.3.4",
    "packaging>=20.5",
    "pathspec>=0.11.1",
    "platformdirs>=2.2.0",
    "pyyaml-env-tag>=0.1",
    "pyyaml>=5.1",
    "watchdog>=2.0",
]
files = [
    {file = "mkdocs-1.5.2-py3-none-any.whl", hash = "sha256:60a62538519c2e96fe8426654a67ee177350451616118a41596ae7c876bb7eac"},
    {file = "mkdocs-1.5.2.tar.gz", hash = "sha256:70d0da09c26cff288852471be03c23f0f521fc15cf16ac89c7a3bfb9ae8d24f9"},
]

[[package]]
name = "mkdocs-markdownextradata-plugin"
version = "0.2.5"
requires_python = ">=2.7.9,!=3.0.*,!=3.1.*,!=3.2.*,!=3.3.*"
summary = "A MkDocs plugin that injects the mkdocs.yml extra variables into the markdown template"
dependencies = [
    "mkdocs",
    "pyyaml",
]
files = [
    {file = "mkdocs-markdownextradata-plugin-0.2.5.tar.gz", hash = "sha256:9c562e8fe375647d5692d11dfe369a7bdd50302174d35995fce2aeca58036ec6"},
]

[[package]]
name = "mkdocs-with-pdf"
version = "0.9.3"
requires_python = ">=3.6"
summary = "Generate a single PDF file from MkDocs repository"
dependencies = [
    "beautifulsoup4>=4.6.3",
    "libsass>=0.15",
    "mkdocs>=1.1",
    "weasyprint>=0.44",
]
files = [
    {file = "mkdocs-with-pdf-0.9.3.tar.gz", hash = "sha256:bda3375d7040d1b8871da17c6d71ea736bdca6c669608f28ed62771031d2e0c6"},
    {file = "mkdocs_with_pdf-0.9.3-py3-none-any.whl", hash = "sha256:002d76417b5cc584effdfdb6ec8d073266a308a85680c430562e97f00b886e49"},
]

[[package]]
name = "packaging"
version = "21.3"
requires_python = ">=3.6"
summary = "Core utilities for Python packages"
dependencies = [
    "pyparsing!=3.0.5,>=2.0.2",
]
files = [
    {file = "packaging-21.3-py3-none-any.whl", hash = "sha256:ef103e05f519cdc783ae24ea4e2e0f508a9c99b2d4969652eed6a2e1ea5bd522"},
    {file = "packaging-21.3.tar.gz", hash = "sha256:dd47c42927d89ab911e606518907cc2d3a1f38bbd026385970643f9c5b8ecfeb"},
]

[[package]]
name = "pathspec"
version = "0.11.2"
requires_python = ">=3.7"
summary = "Utility library for gitignore style pattern matching of file paths."
files = [
    {file = "pathspec-0.11.2-py3-none-any.whl", hash = "sha256:1d6ed233af05e679efb96b1851550ea95bbb64b7c490b0f5aa52996c11e92a20"},
    {file = "pathspec-0.11.2.tar.gz", hash = "sha256:e0d8d0ac2f12da61956eb2306b69f9469b42f4deb0f3cb6ed47b9cce9996ced3"},
]

[[package]]
name = "pillow"
version = "9.3.0"
requires_python = ">=3.7"
summary = "Python Imaging Library (Fork)"
files = [
    {file = "Pillow-9.3.0-cp310-cp310-macosx_10_10_x86_64.whl", hash = "sha256:0b7257127d646ff8676ec8a15520013a698d1fdc48bc2a79ba4e53df792526f2"},
    {file = "Pillow-9.3.0-cp310-cp310-macosx_11_0_arm64.whl", hash = "sha256:b90f7616ea170e92820775ed47e136208e04c967271c9ef615b6fbd08d9af0e3"},
    {file = "Pillow-9.3.0-cp310-cp310-manylinux_2_17_aarch64.manylinux2014_aarch64.whl", hash = "sha256:68943d632f1f9e3dce98908e873b3a090f6cba1cbb1b892a9e8d97c938871fbe"},
    {file = "Pillow-9.3.0-cp310-cp310-manylinux_2_17_i686.manylinux2014_i686.whl", hash = "sha256:be55f8457cd1eac957af0c3f5ece7bc3f033f89b114ef30f710882717670b2a8"},
    {file = "Pillow-9.3.0-cp310-cp310-manylinux_2_17_x86_64.manylinux2014_x86_64.whl", hash = "sha256:5d77adcd56a42d00cc1be30843d3426aa4e660cab4a61021dc84467123f7a00c"},
    {file = "Pillow-9.3.0-cp310-cp310-manylinux_2_28_aarch64.whl", hash = "sha256:829f97c8e258593b9daa80638aee3789b7df9da5cf1336035016d76f03b8860c"},
    {file = "Pillow-9.3.0-cp310-cp310-manylinux_2_28_x86_64.whl", hash = "sha256:801ec82e4188e935c7f5e22e006d01611d6b41661bba9fe45b60e7ac1a8f84de"},
    {file = "Pillow-9.3.0-cp310-cp310-musllinux_1_1_x86_64.whl", hash = "sha256:871b72c3643e516db4ecf20efe735deb27fe30ca17800e661d769faab45a18d7"},
    {file = "Pillow-9.3.0-cp310-cp310-win32.whl", hash = "sha256:655a83b0058ba47c7c52e4e2df5ecf484c1b0b0349805896dd350cbc416bdd91"},
    {file = "Pillow-9.3.0-cp310-cp310-win_amd64.whl", hash = "sha256:9f47eabcd2ded7698106b05c2c338672d16a6f2a485e74481f524e2a23c2794b"},
    {file = "Pillow-9.3.0-cp311-cp311-macosx_10_10_x86_64.whl", hash = "sha256:57751894f6618fd4308ed8e0c36c333e2f5469744c34729a27532b3db106ee20"},
    {file = "Pillow-9.3.0-cp311-cp311-macosx_11_0_arm64.whl", hash = "sha256:7db8b751ad307d7cf238f02101e8e36a128a6cb199326e867d1398067381bff4"},
    {file = "Pillow-9.3.0-cp311-cp311-manylinux_2_17_aarch64.manylinux2014_aarch64.whl", hash = "sha256:3033fbe1feb1b59394615a1cafaee85e49d01b51d54de0cbf6aa8e64182518a1"},
    {file = "Pillow-9.3.0-cp311-cp311-manylinux_2_17_i686.manylinux2014_i686.whl", hash = "sha256:22b012ea2d065fd163ca096f4e37e47cd8b59cf4b0fd47bfca6abb93df70b34c"},
    {file = "Pillow-9.3.0-cp311-cp311-manylinux_2_17_x86_64.manylinux2014_x86_64.whl", hash = "sha256:b9a65733d103311331875c1dca05cb4606997fd33d6acfed695b1232ba1df193"},
    {file = "Pillow-9.3.0-cp311-cp311-manylinux_2_28_aarch64.whl", hash = "sha256:502526a2cbfa431d9fc2a079bdd9061a2397b842bb6bc4239bb176da00993812"},
    {file = "Pillow-9.3.0-cp311-cp311-manylinux_2_28_x86_64.whl", hash = "sha256:90fb88843d3902fe7c9586d439d1e8c05258f41da473952aa8b328d8b907498c"},
    {file = "Pillow-9.3.0-cp311-cp311-musllinux_1_1_x86_64.whl", hash = "sha256:89dca0ce00a2b49024df6325925555d406b14aa3efc2f752dbb5940c52c56b11"},
    {file = "Pillow-9.3.0-cp311-cp311-win32.whl", hash = "sha256:3168434d303babf495d4ba58fc22d6604f6e2afb97adc6a423e917dab828939c"},
    {file = "Pillow-9.3.0-cp311-cp311-win_amd64.whl", hash = "sha256:18498994b29e1cf86d505edcb7edbe814d133d2232d256db8c7a8ceb34d18cef"},
    {file = "Pillow-9.3.0-pp37-pypy37_pp73-macosx_10_10_x86_64.whl", hash = "sha256:ab388aaa3f6ce52ac1cb8e122c4bd46657c15905904b3120a6248b5b8b0bc228"},
    {file = "Pillow-9.3.0-pp37-pypy37_pp73-manylinux_2_17_i686.manylinux2014_i686.whl", hash = "sha256:dbb8e7f2abee51cef77673be97760abff1674ed32847ce04b4af90f610144c7b"},
    {file = "Pillow-9.3.0-pp37-pypy37_pp73-manylinux_2_17_x86_64.manylinux2014_x86_64.whl", hash = "sha256:bca31dd6014cb8b0b2db1e46081b0ca7d936f856da3b39744aef499db5d84d02"},
    {file = "Pillow-9.3.0-pp37-pypy37_pp73-manylinux_2_28_x86_64.whl", hash = "sha256:c7025dce65566eb6e89f56c9509d4f628fddcedb131d9465cacd3d8bac337e7e"},
    {file = "Pillow-9.3.0-pp37-pypy37_pp73-win_amd64.whl", hash = "sha256:ebf2029c1f464c59b8bdbe5143c79fa2045a581ac53679733d3a91d400ff9efb"},
    {file = "Pillow-9.3.0-pp38-pypy38_pp73-macosx_10_10_x86_64.whl", hash = "sha256:b59430236b8e58840a0dfb4099a0e8717ffb779c952426a69ae435ca1f57210c"},
    {file = "Pillow-9.3.0-pp38-pypy38_pp73-manylinux_2_17_i686.manylinux2014_i686.whl", hash = "sha256:12ce4932caf2ddf3e41d17fc9c02d67126935a44b86df6a206cf0d7161548627"},
    {file = "Pillow-9.3.0-pp38-pypy38_pp73-manylinux_2_17_x86_64.manylinux2014_x86_64.whl", hash = "sha256:ae5331c23ce118c53b172fa64a4c037eb83c9165aba3a7ba9ddd3ec9fa64a699"},
    {file = "Pillow-9.3.0-pp38-pypy38_pp73-manylinux_2_28_x86_64.whl", hash = "sha256:0b07fffc13f474264c336298d1b4ce01d9c5a011415b79d4ee5527bb69ae6f65"},
    {file = "Pillow-9.3.0-pp38-pypy38_pp73-win_amd64.whl", hash = "sha256:073adb2ae23431d3b9bcbcff3fe698b62ed47211d0716b067385538a1b0f28b8"},
    {file = "Pillow-9.3.0.tar.gz", hash = "sha256:c935a22a557a560108d780f9a0fc426dd7459940dc54faa49d83249c8d3e760f"},
]

[[package]]
name = "platformdirs"
version = "3.10.0"
requires_python = ">=3.7"
summary = "A small Python package for determining appropriate platform-specific dirs, e.g. a \"user data dir\"."
files = [
    {file = "platformdirs-3.10.0-py3-none-any.whl", hash = "sha256:d7c24979f292f916dc9cbf8648319032f551ea8c49a4c9bf2fb556a02070ec1d"},
    {file = "platformdirs-3.10.0.tar.gz", hash = "sha256:b45696dab2d7cc691a3226759c0d3b00c47c8b6e293d96f6436f733303f77f6d"},
]

[[package]]
name = "pycparser"
version = "2.21"
requires_python = ">=2.7, !=3.0.*, !=3.1.*, !=3.2.*, !=3.3.*"
summary = "C parser in Python"
files = [
    {file = "pycparser-2.21-py2.py3-none-any.whl", hash = "sha256:8ee45429555515e1f6b185e78100aea234072576aa43ab53aefcae078162fca9"},
    {file = "pycparser-2.21.tar.gz", hash = "sha256:e644fdec12f7872f86c58ff790da456218b10f863970249516d60a5eaca77206"},
]

[[package]]
name = "pydyf"
version = "0.5.0"
requires_python = ">=3.7"
summary = "A low-level PDF generator."
files = [
    {file = "pydyf-0.5.0-py3-none-any.whl", hash = "sha256:116bc4b057822dc72d6afc826cad33444f7dcde8059aa85534380fb63e3e306f"},
    {file = "pydyf-0.5.0.tar.gz", hash = "sha256:51e751ae1504037c1fc1f4815119137b011802cd5f6c3539db066c455b14a7e1"},
]

[[package]]
name = "pyparsing"
version = "3.0.9"
requires_python = ">=3.6.8"
summary = "pyparsing module - Classes and methods to define and execute parsing grammars"
files = [
    {file = "pyparsing-3.0.9-py3-none-any.whl", hash = "sha256:5026bae9a10eeaefb61dab2f09052b9f4307d44aee4eda64b309723d8d206bbc"},
    {file = "pyparsing-3.0.9.tar.gz", hash = "sha256:2b020ecf7d21b687f219b71ecad3631f644a47f01403fa1d1036b0c6416d70fb"},
]

[[package]]
name = "pyphen"
version = "0.13.1"
requires_python = ">=3.7"
summary = "Pure Python module to hyphenate text"
files = [
    {file = "pyphen-0.13.1-py3-none-any.whl", hash = "sha256:03960a96a9141e5268064a476f2feb63fb556924b7119156c4d37a2c847ae277"},
    {file = "pyphen-0.13.1.tar.gz", hash = "sha256:2892ada3e72b86fc4fc5172e2f1ad9e03929fab1aff0c0c77b35ab98d0fbf0fa"},
]

[[package]]
name = "pypng"
version = "0.20220715.0"
summary = "Pure Python library for saving and loading PNG images"
files = [
    {file = "pypng-0.20220715.0-py3-none-any.whl", hash = "sha256:4a43e969b8f5aaafb2a415536c1a8ec7e341cd6a3f957fd5b5f32a4cfeed902c"},
    {file = "pypng-0.20220715.0.tar.gz", hash = "sha256:739c433ba96f078315de54c0db975aee537cbc3e1d0ae4ed9aab0ca1e427e2c1"},
]

[[package]]
name = "python-dateutil"
version = "2.8.2"
requires_python = "!=3.0.*,!=3.1.*,!=3.2.*,>=2.7"
summary = "Extensions to the standard Python datetime module"
dependencies = [
    "six>=1.5",
]
files = [
    {file = "python-dateutil-2.8.2.tar.gz", hash = "sha256:0123cacc1627ae19ddf3c27a5de5bd67ee4586fbdd6440d9748f8abb483d3e86"},
    {file = "python_dateutil-2.8.2-py2.py3-none-any.whl", hash = "sha256:961d03dc3453ebbc59dbdea9e4e11c5651520a876d0f4db161e8674aae935da9"},
]

[[package]]
name = "pyyaml"
version = "6.0"
requires_python = ">=3.6"
summary = "YAML parser and emitter for Python"
files = [
    {file = "PyYAML-6.0-cp310-cp310-macosx_10_9_x86_64.whl", hash = "sha256:d4db7c7aef085872ef65a8fd7d6d09a14ae91f691dec3e87ee5ee0539d516f53"},
    {file = "PyYAML-6.0-cp310-cp310-macosx_11_0_arm64.whl", hash = "sha256:9df7ed3b3d2e0ecfe09e14741b857df43adb5a3ddadc919a2d94fbdf78fea53c"},
    {file = "PyYAML-6.0-cp310-cp310-manylinux_2_17_aarch64.manylinux2014_aarch64.whl", hash = "sha256:77f396e6ef4c73fdc33a9157446466f1cff553d979bd00ecb64385760c6babdc"},
    {file = "PyYAML-6.0-cp310-cp310-manylinux_2_17_s390x.manylinux2014_s390x.whl", hash = "sha256:a80a78046a72361de73f8f395f1f1e49f956c6be882eed58505a15f3e430962b"},
    {file = "PyYAML-6.0-cp310-cp310-manylinux_2_5_x86_64.manylinux1_x86_64.manylinux_2_12_x86_64.manylinux2010_x86_64.whl", hash = "sha256:f84fbc98b019fef2ee9a1cb3ce93e3187a6df0b2538a651bfb890254ba9f90b5"},
    {file = "PyYAML-6.0-cp310-cp310-win32.whl", hash = "sha256:2cd5df3de48857ed0544b34e2d40e9fac445930039f3cfe4bcc592a1f836d513"},
    {file = "PyYAML-6.0-cp310-cp310-win_amd64.whl", hash = "sha256:daf496c58a8c52083df09b80c860005194014c3698698d1a57cbcfa182142a3a"},
    {file = "PyYAML-6.0-cp311-cp311-macosx_10_9_x86_64.whl", hash = "sha256:d4b0ba9512519522b118090257be113b9468d804b19d63c71dbcf4a48fa32358"},
    {file = "PyYAML-6.0-cp311-cp311-macosx_11_0_arm64.whl", hash = "sha256:81957921f441d50af23654aa6c5e5eaf9b06aba7f0a19c18a538dc7ef291c5a1"},
    {file = "PyYAML-6.0-cp311-cp311-manylinux_2_17_aarch64.manylinux2014_aarch64.whl", hash = "sha256:afa17f5bc4d1b10afd4466fd3a44dc0e245382deca5b3c353d8b757f9e3ecb8d"},
    {file = "PyYAML-6.0-cp311-cp311-manylinux_2_17_s390x.manylinux2014_s390x.whl", hash = "sha256:dbad0e9d368bb989f4515da330b88a057617d16b6a8245084f1b05400f24609f"},
    {file = "PyYAML-6.0-cp311-cp311-manylinux_2_17_x86_64.manylinux2014_x86_64.whl", hash = "sha256:432557aa2c09802be39460360ddffd48156e30721f5e8d917f01d31694216782"},
    {file = "PyYAML-6.0-cp311-cp311-win32.whl", hash = "sha256:bfaef573a63ba8923503d27530362590ff4f576c626d86a9fed95822a8255fd7"},
    {file = "PyYAML-6.0-cp311-cp311-win_amd64.whl", hash = "sha256:01b45c0191e6d66c470b6cf1b9531a771a83c1c4208272ead47a3ae4f2f603bf"},
    {file = "PyYAML-6.0.tar.gz", hash = "sha256:68fb519c14306fec9720a2a5b45bc9f0c8d1b9c72adf45c37baedfcd949c35a2"},
]

[[package]]
name = "pyyaml-env-tag"
version = "0.1"
requires_python = ">=3.6"
summary = "A custom YAML tag for referencing environment variables in YAML files. "
dependencies = [
    "pyyaml",
]
files = [
    {file = "pyyaml_env_tag-0.1-py3-none-any.whl", hash = "sha256:af31106dec8a4d68c60207c1886031cbf839b68aa7abccdb19868200532c2069"},
    {file = "pyyaml_env_tag-0.1.tar.gz", hash = "sha256:70092675bda14fdec33b31ba77e7543de9ddc88f2e5b99160396572d11525bdb"},
]

[[package]]
name = "qrcode"
version = "7.4.2"
requires_python = ">=3.7"
summary = "QR Code image generator"
dependencies = [
    "colorama; platform_system == \"Windows\"",
    "pypng",
    "typing-extensions",
]
files = [
    {file = "qrcode-7.4.2-py3-none-any.whl", hash = "sha256:581dca7a029bcb2deef5d01068e39093e80ef00b4a61098a2182eac59d01643a"},
    {file = "qrcode-7.4.2.tar.gz", hash = "sha256:9dd969454827e127dbd93696b20747239e6d540e082937c90f14ac95b30f5845"},
]

[[package]]
name = "six"
version = "1.16.0"
requires_python = ">=2.7, !=3.0.*, !=3.1.*, !=3.2.*"
summary = "Python 2 and 3 compatibility utilities"
files = [
    {file = "six-1.16.0-py2.py3-none-any.whl", hash = "sha256:8abb2f1d86890a2dfb989f9a77cfcfd3e47c2a354b01111771326f8aa26e0254"},
    {file = "six-1.16.0.tar.gz", hash = "sha256:1e61c37477a1626458e36f7b1d82aa5c9b094fa4802892072e49de9c60c4c926"},
]

[[package]]
name = "soupsieve"
version = "2.3.2.post1"
requires_python = ">=3.6"
summary = "A modern CSS selector implementation for Beautiful Soup."
files = [
    {file = "soupsieve-2.3.2.post1-py3-none-any.whl", hash = "sha256:3b2503d3c7084a42b1ebd08116e5f81aadfaea95863628c80a3b774a11b7c759"},
    {file = "soupsieve-2.3.2.post1.tar.gz", hash = "sha256:fc53893b3da2c33de295667a0e19f078c14bf86544af307354de5fcf12a3f30d"},
]

[[package]]
name = "tinycss2"
version = "1.2.1"
requires_python = ">=3.7"
summary = "A tiny CSS parser"
dependencies = [
    "webencodings>=0.4",
]
files = [
    {file = "tinycss2-1.2.1-py3-none-any.whl", hash = "sha256:2b80a96d41e7c3914b8cda8bc7f705a4d9c49275616e886103dd839dfc847847"},
    {file = "tinycss2-1.2.1.tar.gz", hash = "sha256:8cff3a8f066c2ec677c06dbc7b45619804a6938478d9d73c284b29d14ecb0627"},
]

[[package]]
name = "typing-extensions"
version = "4.4.0"
requires_python = ">=3.7"
summary = "Backported and Experimental Type Hints for Python 3.7+"
files = [
    {file = "typing_extensions-4.4.0-py3-none-any.whl", hash = "sha256:16fa4864408f655d35ec496218b85f79b3437c829e93320c7c9215ccfd92489e"},
    {file = "typing_extensions-4.4.0.tar.gz", hash = "sha256:1511434bb92bf8dd198c12b1cc812e800d4181cfcb867674e0f8279cc93087aa"},
]

[[package]]
name = "watchdog"
version = "2.1.9"
requires_python = ">=3.6"
summary = "Filesystem events monitoring"
files = [
    {file = "watchdog-2.1.9-cp310-cp310-macosx_10_9_universal2.whl", hash = "sha256:a735a990a1095f75ca4f36ea2ef2752c99e6ee997c46b0de507ba40a09bf7330"},
    {file = "watchdog-2.1.9-cp310-cp310-macosx_10_9_x86_64.whl", hash = "sha256:6b17d302850c8d412784d9246cfe8d7e3af6bcd45f958abb2d08a6f8bedf695d"},
    {file = "watchdog-2.1.9-cp310-cp310-macosx_11_0_arm64.whl", hash = "sha256:ee3e38a6cc050a8830089f79cbec8a3878ec2fe5160cdb2dc8ccb6def8552658"},
    {file = "watchdog-2.1.9-pp37-pypy37_pp73-macosx_10_9_x86_64.whl", hash = "sha256:d9820fe47c20c13e3c9dd544d3706a2a26c02b2b43c993b62fcd8011bcc0adb3"},
    {file = "watchdog-2.1.9-pp38-pypy38_pp73-macosx_10_9_x86_64.whl", hash = "sha256:70af927aa1613ded6a68089a9262a009fbdf819f46d09c1a908d4b36e1ba2b2d"},
    {file = "watchdog-2.1.9-pp39-pypy39_pp73-macosx_10_9_x86_64.whl", hash = "sha256:ed80a1628cee19f5cfc6bb74e173f1b4189eb532e705e2a13e3250312a62e0c9"},
    {file = "watchdog-2.1.9-py3-none-manylinux2014_aarch64.whl", hash = "sha256:9f05a5f7c12452f6a27203f76779ae3f46fa30f1dd833037ea8cbc2887c60213"},
    {file = "watchdog-2.1.9-py3-none-manylinux2014_armv7l.whl", hash = "sha256:255bb5758f7e89b1a13c05a5bceccec2219f8995a3a4c4d6968fe1de6a3b2892"},
    {file = "watchdog-2.1.9-py3-none-manylinux2014_i686.whl", hash = "sha256:d3dda00aca282b26194bdd0adec21e4c21e916956d972369359ba63ade616153"},
    {file = "watchdog-2.1.9-py3-none-manylinux2014_ppc64.whl", hash = "sha256:186f6c55abc5e03872ae14c2f294a153ec7292f807af99f57611acc8caa75306"},
    {file = "watchdog-2.1.9-py3-none-manylinux2014_ppc64le.whl", hash = "sha256:083171652584e1b8829581f965b9b7723ca5f9a2cd7e20271edf264cfd7c1412"},
    {file = "watchdog-2.1.9-py3-none-manylinux2014_s390x.whl", hash = "sha256:b530ae007a5f5d50b7fbba96634c7ee21abec70dc3e7f0233339c81943848dc1"},
    {file = "watchdog-2.1.9-py3-none-manylinux2014_x86_64.whl", hash = "sha256:4f4e1c4aa54fb86316a62a87b3378c025e228178d55481d30d857c6c438897d6"},
    {file = "watchdog-2.1.9-py3-none-win32.whl", hash = "sha256:5952135968519e2447a01875a6f5fc8c03190b24d14ee52b0f4b1682259520b1"},
    {file = "watchdog-2.1.9-py3-none-win_amd64.whl", hash = "sha256:7a833211f49143c3d336729b0020ffd1274078e94b0ae42e22f596999f50279c"},
    {file = "watchdog-2.1.9-py3-none-win_ia64.whl", hash = "sha256:ad576a565260d8f99d97f2e64b0f97a48228317095908568a9d5c786c829d428"},
    {file = "watchdog-2.1.9.tar.gz", hash = "sha256:43ce20ebb36a51f21fa376f76d1d4692452b2527ccd601950d69ed36b9e21609"},
]

[[package]]
name = "weasyprint"
version = "57.1"
requires_python = ">=3.7"
summary = "The Awesome Document Factory"
dependencies = [
    "Pillow>=9.1.0",
    "Pyphen>=0.9.1",
    "cffi>=0.6",
    "cssselect2>=0.1",
    "fonttools[woff]>=4.0.0",
    "html5lib>=1.1",
    "pydyf>=0.5.0",
    "tinycss2>=1.0.0",
]
files = [
    {file = "weasyprint-57.1-py3-none-any.whl", hash = "sha256:204dff5753e003c6e75f6c674e39825fc95a20f984cee38ddb7ed3ab242a66fd"},
    {file = "weasyprint-57.1.tar.gz", hash = "sha256:397a9d11298f94485ec3b7b68aeef1c6106fb638350126d9d4a64109b73508a0"},
]

[[package]]
name = "webencodings"
version = "0.5.1"
summary = "Character encoding aliases for legacy web content"
files = [
    {file = "webencodings-0.5.1-py2.py3-none-any.whl", hash = "sha256:a0af1213f3c2226497a97e2b3aa01a7e4bee4f403f95be16fc9acd2947514a78"},
    {file = "webencodings-0.5.1.tar.gz", hash = "sha256:b36a1c245f2d304965eb4e0a82848379241dc04b865afcc4aab16748587e1923"},
]

[[package]]
name = "zopfli"
version = "0.2.2"
requires_python = ">=3.7"
summary = "Zopfli module for python"
files = [
    {file = "zopfli-0.2.2-cp310-cp310-macosx_10_9_universal2.whl", hash = "sha256:e340851bbdea91408e6713748b4082c2e464a80eef9f9a69ff5a20e5e008cace"},
    {file = "zopfli-0.2.2-cp310-cp310-macosx_10_9_x86_64.whl", hash = "sha256:093a58fdf1e592f01233fc16900ceb69f27f19b347deb49544df96d912664f6d"},
    {file = "zopfli-0.2.2-cp310-cp310-manylinux_2_12_i686.manylinux2010_i686.whl", hash = "sha256:bd7b174fef2366723f57d16f3e8d157f9cbb53b1c555e2a1f99b6290de94ca28"},
    {file = "zopfli-0.2.2-cp310-cp310-manylinux_2_12_x86_64.manylinux2010_x86_64.whl", hash = "sha256:a712fdc3dab61037fab549ff72539b7968ffda567e5460aa2518e40a13b4dd38"},
    {file = "zopfli-0.2.2-cp310-cp310-manylinux_2_17_aarch64.manylinux2014_aarch64.whl", hash = "sha256:02a0c37826c0b28454865fdf664d54627fe8d90fac6f7325b5215719e8be09ca"},
    {file = "zopfli-0.2.2-cp310-cp310-musllinux_1_1_aarch64.whl", hash = "sha256:20b02b5c9f1cfbcfc154e54981d1b9f9581ca1f54ece39c6aed52f7166a6f081"},
    {file = "zopfli-0.2.2-cp310-cp310-musllinux_1_1_i686.whl", hash = "sha256:01e82e6e31cfcb2eb7e3d6d72d0a498d150e3c3112cae3b5ab88ca3efedbc162"},
    {file = "zopfli-0.2.2-cp310-cp310-musllinux_1_1_x86_64.whl", hash = "sha256:8c2e6d0618e1ffc27a1eaf66662f96e0bc8a4c1926fc139a0f544b93a1e1b451"},
    {file = "zopfli-0.2.2-cp310-cp310-win32.whl", hash = "sha256:e0014bd1b9703c9cdfa7f88bc793600aee5f858dd2f18105b49a70e66b9f1b1d"},
    {file = "zopfli-0.2.2-cp310-cp310-win_amd64.whl", hash = "sha256:13487519e6ee8ed36c4a197d146d8ae60d418172d85342d3cdd28f38f905a705"},
    {file = "zopfli-0.2.2-cp311-cp311-macosx_10_9_universal2.whl", hash = "sha256:fa589e4d2b54d95447cb79a6053050fc7218f61594085ca54672cb045ba0f7f8"},
    {file = "zopfli-0.2.2-cp311-cp311-macosx_10_9_x86_64.whl", hash = "sha256:bd661f0894a4e4d78ce4c07e2625b0fd17ae172040ce57c5e1c32316a16727c9"},
    {file = "zopfli-0.2.2-cp311-cp311-manylinux_2_12_i686.manylinux2010_i686.manylinux_2_17_i686.manylinux2014_i686.whl", hash = "sha256:ed2137d64470469c825713aac486aacc9e2c46e300b92cb39ae47f4024b86b2e"},
    {file = "zopfli-0.2.2-cp311-cp311-manylinux_2_17_aarch64.manylinux2014_aarch64.whl", hash = "sha256:69411d85ed25ea25f480410048b397abc4c98562ce3533ecc3ce65358acc52dd"},
    {file = "zopfli-0.2.2-cp311-cp311-manylinux_2_17_x86_64.manylinux2014_x86_64.whl", hash = "sha256:ed09efbcdc8bce5b5ff052ffd1edabdabd7a43e340ee63f8d5e81644dc50110f"},
    {file = "zopfli-0.2.2-cp311-cp311-musllinux_1_1_aarch64.whl", hash = "sha256:9de02f057ed153c9f523e72a366b8f48e2634c9f867e7109232415efe11d36c2"},
    {file = "zopfli-0.2.2-cp311-cp311-musllinux_1_1_i686.whl", hash = "sha256:2bafc105065fae35bd96100a5901a7d816f1904eb732d94b6d46cf480ead581b"},
    {file = "zopfli-0.2.2-cp311-cp311-musllinux_1_1_x86_64.whl", hash = "sha256:898daa330577101aab03806231e9b29990ebaa34f275d9df2045d0551edd1e87"},
    {file = "zopfli-0.2.2-cp311-cp311-win32.whl", hash = "sha256:b5b2e2ac397a71772fbbdc5b31fa8257e46f2a1e718e5c17c08db3dac7c739e4"},
    {file = "zopfli-0.2.2-cp311-cp311-win_amd64.whl", hash = "sha256:259f15d65e554b16a6086bfe96dd7bd175467eb3d024b9dbce41323b5861a285"},
    {file = "zopfli-0.2.2-pp37-pypy37_pp73-macosx_10_9_x86_64.whl", hash = "sha256:17694cfda43fb2af18b571bfc60426fb67d7701d75cc1f0e634ad0a19ffaebdd"},
    {file = "zopfli-0.2.2-pp37-pypy37_pp73-manylinux_2_12_i686.manylinux2010_i686.whl", hash = "sha256:71eafbe6ce975f77a5247bf44fdfdb78e846a76a3391de4d75cc68ea74542048"},
    {file = "zopfli-0.2.2-pp37-pypy37_pp73-manylinux_2_12_x86_64.manylinux2010_x86_64.whl", hash = "sha256:a85d500cfa06f127e441e90804556a3872ea329e065d2f0ee97922d03afc9885"},
    {file = "zopfli-0.2.2-pp37-pypy37_pp73-win_amd64.whl", hash = "sha256:4205bb3aea31f22cd52bd1a9c298944591bfd9b6f92ede0af99127750b27eb3b"},
    {file = "zopfli-0.2.2-pp38-pypy38_pp73-macosx_10_9_x86_64.whl", hash = "sha256:ec845584fcdc10763d869b40b742fe0e2684adf3ca275ec997b9447ef5fe3ad9"},
    {file = "zopfli-0.2.2-pp38-pypy38_pp73-manylinux_2_12_i686.manylinux2010_i686.whl", hash = "sha256:1360df0d423c897164a3344ed6635f7fd098cb4ce59c6d45b4275b93727d57f6"},
    {file = "zopfli-0.2.2-pp38-pypy38_pp73-manylinux_2_12_x86_64.manylinux2010_x86_64.whl", hash = "sha256:537da300842f06470c036d6d7e7fc9e63713735ee0b96ee97a750d1ec0399639"},
    {file = "zopfli-0.2.2-pp38-pypy38_pp73-win_amd64.whl", hash = "sha256:2e5b7874dfe228715569940561cdc0485ed8cbfd2c76eebc4e54719e0c9cc494"},
    {file = "zopfli-0.2.2-pp39-pypy39_pp73-macosx_10_9_x86_64.whl", hash = "sha256:8c1b316a5eed59a9a49a886aeeaf3b7233627a1013b10f230817870278e15789"},
    {file = "zopfli-0.2.2-pp39-pypy39_pp73-manylinux_2_12_i686.manylinux2010_i686.manylinux_2_17_i686.manylinux2014_i686.whl", hash = "sha256:2ce7cbe8f6fff013aa695d5d92ac2b1fd46fd012858109fdde9824759b566685"},
    {file = "zopfli-0.2.2-pp39-pypy39_pp73-manylinux_2_17_x86_64.manylinux2014_x86_64.whl", hash = "sha256:2d5e81fed8ac2d71832177ab06385f032cc3a37eec76537d105b1018b7fef0ff"},
    {file = "zopfli-0.2.2-pp39-pypy39_pp73-win_amd64.whl", hash = "sha256:2ea855a740ee766c872cbf84abdcc1b6a51b5dbdeb6ace995f36c934b3846467"},
    {file = "zopfli-0.2.2.zip", hash = "sha256:2d49db7540d9991976af464ebc1b9ed12988c04d90691bcb51dc4a373a9e2afc"},
]
